
Microsoft Visual Studio Solution File, Format Version 12.00
# Visual Studio Version 17
VisualStudioVersion = 17.8.34322.80
MinimumVisualStudioVersion = 10.0.40219.1
Project("{FAE04EC0-301F-11D3-BF4B-00C04F79EFBC}") = "tic_tac_toe", "tic_tac_toe\tic_tac_toe.csproj", "{B181E4FF-24FE-48DA-A2C8-A8EAFFA53F40}"
EndProject
Global
	GlobalSection(SolutionConfigurationPlatforms) = preSolution
		Debug|Any CPU = Debug|Any CPU
		Release|Any CPU = Release|Any CPU
	EndGlobalSection
	GlobalSection(ProjectConfigurationPlatforms) = postSolution
		{B181E4FF-24FE-48DA-A2C8-A8EAFFA53F40}.Debug|Any CPU.ActiveCfg = Debug|Any CPU
		{B181E4FF-24FE-48DA-A2C8-A8EAFFA53F40}.Debug|Any CPU.Build.0 = Debug|Any CPU
		{B181E4FF-24FE-48DA-A2C8-A8EAFFA53F40}.Release|Any CPU.ActiveCfg = Release|Any CPU
		{B181E4FF-24FE-48DA-A2C8-A8EAFFA53F40}.Release|Any CPU.Build.0 = Release|Any CPU
	EndGlobalSection
	GlobalSection(SolutionProperties) = preSolution
		HideSolutionNode = FALSE
	EndGlobalSection
	GlobalSection(ExtensibilityGlobals) = postSolution
		SolutionGuid = {40406505-4BDB-4EBF-BF4D-088772D22E03}
	EndGlobalSection
EndGlobal
